
Microsoft Visual Studio Solution File, Format Version 12.00
# Visual Studio Version 17
VisualStudioVersion = 17.3.32819.101
MinimumVisualStudioVersion = 10.0.40219.1
Project("{FAE04EC0-301F-11D3-BF4B-00C04F79EFBC}") = "ExamTask", "ExamTask\ExamTask.csproj", "{D77C3125-F6F8-443D-AC97-07E8F1285BC2}"
EndProject
Global
	GlobalSection(SolutionConfigurationPlatforms) = preSolution
		Debug|Any CPU = Debug|Any CPU
		Release|Any CPU = Release|Any CPU
	EndGlobalSection
	GlobalSection(ProjectConfigurationPlatforms) = postSolution
		{D77C3125-F6F8-443D-AC97-07E8F1285BC2}.Debug|Any CPU.ActiveCfg = Debug|Any CPU
		{D77C3125-F6F8-443D-AC97-07E8F1285BC2}.Debug|Any CPU.Build.0 = Debug|Any CPU
		{D77C3125-F6F8-443D-AC97-07E8F1285BC2}.Release|Any CPU.ActiveCfg = Release|Any CPU
		{D77C3125-F6F8-443D-AC97-07E8F1285BC2}.Release|Any CPU.Build.0 = Release|Any CPU
	EndGlobalSection
	GlobalSection(SolutionProperties) = preSolution
		HideSolutionNode = FALSE
	EndGlobalSection
	GlobalSection(ExtensibilityGlobals) = postSolution
		SolutionGuid = {E12C7B21-A835-4542-BDA1-254A9500091D}
	EndGlobalSection
EndGlobal
